// !$*UTF8*$!
{
	archiveVersion = 1;
	classes = {
	};
	objectVersion = 56;
	objects = {

/* Begin PBXBuildFile section */
		018B12CB2AF335B300C38DF2 /* Car.swift in Sources */ = {isa = PBXBuildFile; fileRef = 018B12CA2AF335B300C38DF2 /* Car.swift */; };
		018B12CD2AF33BB600C38DF2 /* CarData.swift in Sources */ = {isa = PBXBuildFile; fileRef = 018B12CC2AF33BB600C38DF2 /* CarData.swift */; };
		018B12CF2AF33D5900C38DF2 /* CarAssets.xcassets in Resources */ = {isa = PBXBuildFile; fileRef = 018B12CE2AF33D5900C38DF2 /* CarAssets.xcassets */; };
		018B12D12AF33D7300C38DF2 /* carData.json in Resources */ = {isa = PBXBuildFile; fileRef = 018B12D02AF33D7300C38DF2 /* carData.json */; };
		018B12D32AF33E6B00C38DF2 /* CarStore.swift in Sources */ = {isa = PBXBuildFile; fileRef = 018B12D22AF33E6B00C38DF2 /* CarStore.swift */; };
		018B12D52AF33EC500C38DF2 /* CarList.swift in Sources */ = {isa = PBXBuildFile; fileRef = 018B12D42AF33EC500C38DF2 /* CarList.swift */; };
		018B12D72AF3407000C38DF2 /* CarDetail.swift in Sources */ = {isa = PBXBuildFile; fileRef = 018B12D62AF3407000C38DF2 /* CarDetail.swift */; };
		018B12D92AF342D300C38DF2 /* AddNewCar.swift in Sources */ = {isa = PBXBuildFile; fileRef = 018B12D82AF342D300C38DF2 /* AddNewCar.swift */; };
		019CA2E92AF4C80B004598D9 /* PhotoPicker.swift in Sources */ = {isa = PBXBuildFile; fileRef = 019CA2E82AF4C80B004598D9 /* PhotoPicker.swift */; };
		019CA2EC2AF4D1F1004598D9 /* Alignment.swift in Sources */ = {isa = PBXBuildFile; fileRef = 019CA2EB2AF4D1F1004598D9 /* Alignment.swift */; };
		019CA2EE2AF4D22A004598D9 /* AlignmentListView.swift in Sources */ = {isa = PBXBuildFile; fileRef = 019CA2ED2AF4D22A004598D9 /* AlignmentListView.swift */; };
		019CA2F02AF4D2C5004598D9 /* AlignmentDetailView.swift in Sources */ = {isa = PBXBuildFile; fileRef = 019CA2EF2AF4D2C5004598D9 /* AlignmentDetailView.swift */; };
		019CA2FF2AF4EBCB004598D9 /* SearchBar.swift in Sources */ = {isa = PBXBuildFile; fileRef = 019CA2FE2AF4EBCB004598D9 /* SearchBar.swift */; };
		019CA3012AF4ED9A004598D9 /* SearchView.swift in Sources */ = {isa = PBXBuildFile; fileRef = 019CA3002AF4ED9A004598D9 /* SearchView.swift */; };
		01EE9B192AEA438B0040063A /* SceneStorageView.swift in Sources */ = {isa = PBXBuildFile; fileRef = 01EE9B182AEA438B0040063A /* SceneStorageView.swift */; };
		01EE9B1B2AEA43960040063A /* AppStorageView.swift in Sources */ = {isa = PBXBuildFile; fileRef = 01EE9B1A2AEA43960040063A /* AppStorageView.swift */; };
		01EE9B1E2AEA54200040063A /* Storage.swift in Sources */ = {isa = PBXBuildFile; fileRef = 01EE9B1D2AEA54200040063A /* Storage.swift */; };
		01EE9B202AEA83C10040063A /* ExtensionCollection.swift in Sources */ = {isa = PBXBuildFile; fileRef = 01EE9B1F2AEA83C10040063A /* ExtensionCollection.swift */; };
		14162F002ADD1CA8009C5C59 /* SwiftUIPraticeApp.swift in Sources */ = {isa = PBXBuildFile; fileRef = 14162EFF2ADD1CA8009C5C59 /* SwiftUIPraticeApp.swift */; };
		14162F022ADD1CA8009C5C59 /* ContentView.swift in Sources */ = {isa = PBXBuildFile; fileRef = 14162F012ADD1CA8009C5C59 /* ContentView.swift */; };
		14162F042ADD1CAB009C5C59 /* Assets.xcassets in Resources */ = {isa = PBXBuildFile; fileRef = 14162F032ADD1CAB009C5C59 /* Assets.xcassets */; };
		14162F072ADD1CAB009C5C59 /* Preview Assets.xcassets in Resources */ = {isa = PBXBuildFile; fileRef = 14162F062ADD1CAB009C5C59 /* Preview Assets.xcassets */; };
		14162F0E2ADD1D1C009C5C59 /* TabBar.swift in Sources */ = {isa = PBXBuildFile; fileRef = 14162F0D2ADD1D1C009C5C59 /* TabBar.swift */; };
		14162F112ADD1D73009C5C59 /* FuncCollection.swift in Sources */ = {isa = PBXBuildFile; fileRef = 14162F102ADD1D73009C5C59 /* FuncCollection.swift */; };
		14162F152ADD1DA8009C5C59 /* Question.swift in Sources */ = {isa = PBXBuildFile; fileRef = 14162F142ADD1DA8009C5C59 /* Question.swift */; };
		14162F172ADD1DBF009C5C59 /* QuestionListView.swift in Sources */ = {isa = PBXBuildFile; fileRef = 14162F162ADD1DBF009C5C59 /* QuestionListView.swift */; };
		14162F192ADD1DD0009C5C59 /* QuestionDetailView.swift in Sources */ = {isa = PBXBuildFile; fileRef = 14162F182ADD1DD0009C5C59 /* QuestionDetailView.swift */; };
		14162F1B2ADD1DE5009C5C59 /* UI.swift in Sources */ = {isa = PBXBuildFile; fileRef = 14162F1A2ADD1DE5009C5C59 /* UI.swift */; };
		14162F1D2ADD1DF3009C5C59 /* UIListView.swift in Sources */ = {isa = PBXBuildFile; fileRef = 14162F1C2ADD1DF3009C5C59 /* UIListView.swift */; };
		14162F1F2ADD1DFD009C5C59 /* UIDetailView.swift in Sources */ = {isa = PBXBuildFile; fileRef = 14162F1E2ADD1DFD009C5C59 /* UIDetailView.swift */; };
		14162F282ADE619B009C5C59 /* test.swift in Sources */ = {isa = PBXBuildFile; fileRef = 14162F272ADE619B009C5C59 /* test.swift */; };
/* End PBXBuildFile section */

/* Begin PBXFileReference section */
		018B12CA2AF335B300C38DF2 /* Car.swift */ = {isa = PBXFileReference; lastKnownFileType = sourcecode.swift; path = Car.swift; sourceTree = "<group>"; };
		018B12CC2AF33BB600C38DF2 /* CarData.swift */ = {isa = PBXFileReference; lastKnownFileType = sourcecode.swift; path = CarData.swift; sourceTree = "<group>"; };
		018B12CE2AF33D5900C38DF2 /* CarAssets.xcassets */ = {isa = PBXFileReference; lastKnownFileType = folder.assetcatalog; path = CarAssets.xcassets; sourceTree = "<group>"; };
		018B12D02AF33D7300C38DF2 /* carData.json */ = {isa = PBXFileReference; fileEncoding = 4; lastKnownFileType = text.json; path = carData.json; sourceTree = "<group>"; };
		018B12D22AF33E6B00C38DF2 /* CarStore.swift */ = {isa = PBXFileReference; lastKnownFileType = sourcecode.swift; path = CarStore.swift; sourceTree = "<group>"; };
		018B12D42AF33EC500C38DF2 /* CarList.swift */ = {isa = PBXFileReference; lastKnownFileType = sourcecode.swift; path = CarList.swift; sourceTree = "<group>"; };
		018B12D62AF3407000C38DF2 /* CarDetail.swift */ = {isa = PBXFileReference; lastKnownFileType = sourcecode.swift; path = CarDetail.swift; sourceTree = "<group>"; };
		018B12D82AF342D300C38DF2 /* AddNewCar.swift */ = {isa = PBXFileReference; lastKnownFileType = sourcecode.swift; path = AddNewCar.swift; sourceTree = "<group>"; };
		019CA2E82AF4C80B004598D9 /* PhotoPicker.swift */ = {isa = PBXFileReference; lastKnownFileType = sourcecode.swift; path = PhotoPicker.swift; sourceTree = "<group>"; };
		019CA2EB2AF4D1F1004598D9 /* Alignment.swift */ = {isa = PBXFileReference; lastKnownFileType = sourcecode.swift; path = Alignment.swift; sourceTree = "<group>"; };
		019CA2ED2AF4D22A004598D9 /* AlignmentListView.swift */ = {isa = PBXFileReference; lastKnownFileType = sourcecode.swift; path = AlignmentListView.swift; sourceTree = "<group>"; };
		019CA2EF2AF4D2C5004598D9 /* AlignmentDetailView.swift */ = {isa = PBXFileReference; lastKnownFileType = sourcecode.swift; path = AlignmentDetailView.swift; sourceTree = "<group>"; };
		019CA2F12AF4D7CF004598D9 /* README.md */ = {isa = PBXFileReference; lastKnownFileType = net.daringfireball.markdown; path = README.md; sourceTree = "<group>"; };
		019CA2FE2AF4EBCB004598D9 /* SearchBar.swift */ = {isa = PBXFileReference; lastKnownFileType = sourcecode.swift; path = SearchBar.swift; sourceTree = "<group>"; };
		019CA3002AF4ED9A004598D9 /* SearchView.swift */ = {isa = PBXFileReference; lastKnownFileType = sourcecode.swift; path = SearchView.swift; sourceTree = "<group>"; };
		01EE9B182AEA438B0040063A /* SceneStorageView.swift */ = {isa = PBXFileReference; lastKnownFileType = sourcecode.swift; path = SceneStorageView.swift; sourceTree = "<group>"; };
		01EE9B1A2AEA43960040063A /* AppStorageView.swift */ = {isa = PBXFileReference; lastKnownFileType = sourcecode.swift; path = AppStorageView.swift; sourceTree = "<group>"; };
		01EE9B1D2AEA54200040063A /* Storage.swift */ = {isa = PBXFileReference; lastKnownFileType = sourcecode.swift; path = Storage.swift; sourceTree = "<group>"; };
		01EE9B1F2AEA83C10040063A /* ExtensionCollection.swift */ = {isa = PBXFileReference; lastKnownFileType = sourcecode.swift; path = ExtensionCollection.swift; sourceTree = "<group>"; };
		14162EFC2ADD1CA8009C5C59 /* SwiftUIPratice.app */ = {isa = PBXFileReference; explicitFileType = wrapper.application; includeInIndex = 0; path = SwiftUIPratice.app; sourceTree = BUILT_PRODUCTS_DIR; };
		14162EFF2ADD1CA8009C5C59 /* SwiftUIPraticeApp.swift */ = {isa = PBXFileReference; lastKnownFileType = sourcecode.swift; path = SwiftUIPraticeApp.swift; sourceTree = "<group>"; };
		14162F012ADD1CA8009C5C59 /* ContentView.swift */ = {isa = PBXFileReference; lastKnownFileType = sourcecode.swift; path = ContentView.swift; sourceTree = "<group>"; };
		14162F032ADD1CAB009C5C59 /* Assets.xcassets */ = {isa = PBXFileReference; lastKnownFileType = folder.assetcatalog; path = Assets.xcassets; sourceTree = "<group>"; };
		14162F062ADD1CAB009C5C59 /* Preview Assets.xcassets */ = {isa = PBXFileReference; lastKnownFileType = folder.assetcatalog; path = "Preview Assets.xcassets"; sourceTree = "<group>"; };
		14162F0D2ADD1D1C009C5C59 /* TabBar.swift */ = {isa = PBXFileReference; lastKnownFileType = sourcecode.swift; path = TabBar.swift; sourceTree = "<group>"; };
		14162F102ADD1D73009C5C59 /* FuncCollection.swift */ = {isa = PBXFileReference; lastKnownFileType = sourcecode.swift; path = FuncCollection.swift; sourceTree = "<group>"; };
		14162F142ADD1DA8009C5C59 /* Question.swift */ = {isa = PBXFileReference; lastKnownFileType = sourcecode.swift; path = Question.swift; sourceTree = "<group>"; };
		14162F162ADD1DBF009C5C59 /* QuestionListView.swift */ = {isa = PBXFileReference; lastKnownFileType = sourcecode.swift; path = QuestionListView.swift; sourceTree = "<group>"; };
		14162F182ADD1DD0009C5C59 /* QuestionDetailView.swift */ = {isa = PBXFileReference; lastKnownFileType = sourcecode.swift; path = QuestionDetailView.swift; sourceTree = "<group>"; };
		14162F1A2ADD1DE5009C5C59 /* UI.swift */ = {isa = PBXFileReference; lastKnownFileType = sourcecode.swift; path = UI.swift; sourceTree = "<group>"; };
		14162F1C2ADD1DF3009C5C59 /* UIListView.swift */ = {isa = PBXFileReference; lastKnownFileType = sourcecode.swift; path = UIListView.swift; sourceTree = "<group>"; };
		14162F1E2ADD1DFD009C5C59 /* UIDetailView.swift */ = {isa = PBXFileReference; lastKnownFileType = sourcecode.swift; path = UIDetailView.swift; sourceTree = "<group>"; };
		14162F272ADE619B009C5C59 /* test.swift */ = {isa = PBXFileReference; lastKnownFileType = sourcecode.swift; path = test.swift; sourceTree = "<group>"; };
/* End PBXFileReference section */

/* Begin PBXFrameworksBuildPhase section */
		14162EF92ADD1CA8009C5C59 /* Frameworks */ = {
			isa = PBXFrameworksBuildPhase;
			buildActionMask = 2147483647;
			files = (
			);
			runOnlyForDeploymentPostprocessing = 0;
		};
/* End PBXFrameworksBuildPhase section */

/* Begin PBXGroup section */
		018B12C92AF335A300C38DF2 /* Car */ = {
			isa = PBXGroup;
			children = (
				018B12CA2AF335B300C38DF2 /* Car.swift */,
				018B12CC2AF33BB600C38DF2 /* CarData.swift */,
				018B12D22AF33E6B00C38DF2 /* CarStore.swift */,
				018B12D42AF33EC500C38DF2 /* CarList.swift */,
				018B12D62AF3407000C38DF2 /* CarDetail.swift */,
				018B12D82AF342D300C38DF2 /* AddNewCar.swift */,
			);
			path = Car;
			sourceTree = "<group>";
		};
		019CA2E72AF4C7FA004598D9 /* PhotoPicker */ = {
			isa = PBXGroup;
			children = (
				019CA2E82AF4C80B004598D9 /* PhotoPicker.swift */,
			);
			path = PhotoPicker;
			sourceTree = "<group>";
		};
		019CA2EA2AF4D1A5004598D9 /* Alignment */ = {
			isa = PBXGroup;
			children = (
				019CA2EB2AF4D1F1004598D9 /* Alignment.swift */,
				019CA2ED2AF4D22A004598D9 /* AlignmentListView.swift */,
				019CA2EF2AF4D2C5004598D9 /* AlignmentDetailView.swift */,
			);
			path = Alignment;
			sourceTree = "<group>";
		};
		019CA2FC2AF4E78B004598D9 /* Components */ = {
			isa = PBXGroup;
			children = (
				019CA2FE2AF4EBCB004598D9 /* SearchBar.swift */,
			);
			path = Components;
			sourceTree = "<group>";
		};
		01EE9B1C2AEA53E40040063A /* Storage */ = {
			isa = PBXGroup;
			children = (
				01EE9B182AEA438B0040063A /* SceneStorageView.swift */,
				01EE9B1A2AEA43960040063A /* AppStorageView.swift */,
				01EE9B1D2AEA54200040063A /* Storage.swift */,
			);
			path = Storage;
			sourceTree = "<group>";
		};
		14162EF32ADD1CA8009C5C59 = {
			isa = PBXGroup;
			children = (
				019CA2F12AF4D7CF004598D9 /* README.md */,
				14162EFE2ADD1CA8009C5C59 /* SwiftUIPratice */,
				14162EFD2ADD1CA8009C5C59 /* Products */,
			);
			sourceTree = "<group>";
		};
		14162EFD2ADD1CA8009C5C59 /* Products */ = {
			isa = PBXGroup;
			children = (
				14162EFC2ADD1CA8009C5C59 /* SwiftUIPratice.app */,
			);
			name = Products;
			sourceTree = "<group>";
		};
		14162EFE2ADD1CA8009C5C59 /* SwiftUIPratice */ = {
			isa = PBXGroup;
			children = (
				019CA2EA2AF4D1A5004598D9 /* Alignment */,
				019CA2E72AF4C7FA004598D9 /* PhotoPicker */,
				018B12C92AF335A300C38DF2 /* Car */,
				01EE9B1C2AEA53E40040063A /* Storage */,
				019CA2FC2AF4E78B004598D9 /* Components */,
				14162F262ADE618C009C5C59 /* Test */,
				14162F132ADD1D8F009C5C59 /* UIItem */,
				14162F122ADD1D86009C5C59 /* Question */,
				14162F0F2ADD1D60009C5C59 /* Func */,
				14162EFF2ADD1CA8009C5C59 /* SwiftUIPraticeApp.swift */,
				019CA3002AF4ED9A004598D9 /* SearchView.swift */,
				14162F012ADD1CA8009C5C59 /* ContentView.swift */,
				14162F0D2ADD1D1C009C5C59 /* TabBar.swift */,
				018B12D02AF33D7300C38DF2 /* carData.json */,
				018B12CE2AF33D5900C38DF2 /* CarAssets.xcassets */,
				14162F032ADD1CAB009C5C59 /* Assets.xcassets */,
				14162F052ADD1CAB009C5C59 /* Preview Content */,
			);
			path = SwiftUIPratice;
			sourceTree = "<group>";
		};
		14162F052ADD1CAB009C5C59 /* Preview Content */ = {
			isa = PBXGroup;
			children = (
				14162F062ADD1CAB009C5C59 /* Preview Assets.xcassets */,
			);
			path = "Preview Content";
			sourceTree = "<group>";
		};
		14162F0F2ADD1D60009C5C59 /* Func */ = {
			isa = PBXGroup;
			children = (
				14162F102ADD1D73009C5C59 /* FuncCollection.swift */,
				01EE9B1F2AEA83C10040063A /* ExtensionCollection.swift */,
			);
			path = Func;
			sourceTree = "<group>";
		};
		14162F122ADD1D86009C5C59 /* Question */ = {
			isa = PBXGroup;
			children = (
				14162F142ADD1DA8009C5C59 /* Question.swift */,
				14162F162ADD1DBF009C5C59 /* QuestionListView.swift */,
				14162F182ADD1DD0009C5C59 /* QuestionDetailView.swift */,
			);
			path = Question;
			sourceTree = "<group>";
		};
		14162F132ADD1D8F009C5C59 /* UIItem */ = {
			isa = PBXGroup;
			children = (
				14162F1A2ADD1DE5009C5C59 /* UI.swift */,
				14162F1C2ADD1DF3009C5C59 /* UIListView.swift */,
				14162F1E2ADD1DFD009C5C59 /* UIDetailView.swift */,
			);
			path = UIItem;
			sourceTree = "<group>";
		};
		14162F262ADE618C009C5C59 /* Test */ = {
			isa = PBXGroup;
			children = (
				14162F272ADE619B009C5C59 /* test.swift */,
			);
			path = Test;
			sourceTree = "<group>";
		};
/* End PBXGroup section */

/* Begin PBXNativeTarget section */
		14162EFB2ADD1CA8009C5C59 /* SwiftUIPratice */ = {
			isa = PBXNativeTarget;
			buildConfigurationList = 14162F0A2ADD1CAB009C5C59 /* Build configuration list for PBXNativeTarget "SwiftUIPratice" */;
			buildPhases = (
				14162EF82ADD1CA8009C5C59 /* Sources */,
				14162EF92ADD1CA8009C5C59 /* Frameworks */,
				14162EFA2ADD1CA8009C5C59 /* Resources */,
			);
			buildRules = (
			);
			dependencies = (
			);
			name = SwiftUIPratice;
			productName = SwiftUIPratice;
			productReference = 14162EFC2ADD1CA8009C5C59 /* SwiftUIPratice.app */;
			productType = "com.apple.product-type.application";
		};
/* End PBXNativeTarget section */

/* Begin PBXProject section */
		14162EF42ADD1CA8009C5C59 /* Project object */ = {
			isa = PBXProject;
			attributes = {
				BuildIndependentTargetsInParallel = 1;
				LastSwiftUpdateCheck = 1500;
				LastUpgradeCheck = 1500;
				TargetAttributes = {
					14162EFB2ADD1CA8009C5C59 = {
						CreatedOnToolsVersion = 15.0;
					};
				};
			};
			buildConfigurationList = 14162EF72ADD1CA8009C5C59 /* Build configuration list for PBXProject "SwiftUIPratice" */;
			compatibilityVersion = "Xcode 14.0";
			developmentRegion = en;
			hasScannedForEncodings = 0;
			knownRegions = (
				en,
				Base,
			);
			mainGroup = 14162EF32ADD1CA8009C5C59;
			productRefGroup = 14162EFD2ADD1CA8009C5C59 /* Products */;
			projectDirPath = "";
			projectRoot = "";
			targets = (
				14162EFB2ADD1CA8009C5C59 /* SwiftUIPratice */,
			);
		};
/* End PBXProject section */

/* Begin PBXResourcesBuildPhase section */
		14162EFA2ADD1CA8009C5C59 /* Resources */ = {
			isa = PBXResourcesBuildPhase;
			buildActionMask = 2147483647;
			files = (
				018B12D12AF33D7300C38DF2 /* carData.json in Resources */,
				14162F072ADD1CAB009C5C59 /* Preview Assets.xcassets in Resources */,
				14162F042ADD1CAB009C5C59 /* Assets.xcassets in Resources */,
				018B12CF2AF33D5900C38DF2 /* CarAssets.xcassets in Resources */,
			);
			runOnlyForDeploymentPostprocessing = 0;
		};
/* End PBXResourcesBuildPhase section */

/* Begin PBXSourcesBuildPhase section */
		14162EF82ADD1CA8009C5C59 /* Sources */ = {
			isa = PBXSourcesBuildPhase;
			buildActionMask = 2147483647;
			files = (
				14162F152ADD1DA8009C5C59 /* Question.swift in Sources */,
				01EE9B1E2AEA54200040063A /* Storage.swift in Sources */,
				14162F1B2ADD1DE5009C5C59 /* UI.swift in Sources */,
				14162F1D2ADD1DF3009C5C59 /* UIListView.swift in Sources */,
				018B12CD2AF33BB600C38DF2 /* CarData.swift in Sources */,
				018B12D52AF33EC500C38DF2 /* CarList.swift in Sources */,
				01EE9B202AEA83C10040063A /* ExtensionCollection.swift in Sources */,
				01EE9B1B2AEA43960040063A /* AppStorageView.swift in Sources */,
				01EE9B192AEA438B0040063A /* SceneStorageView.swift in Sources */,
				14162F0E2ADD1D1C009C5C59 /* TabBar.swift in Sources */,
				14162F022ADD1CA8009C5C59 /* ContentView.swift in Sources */,
				14162F002ADD1CA8009C5C59 /* SwiftUIPraticeApp.swift in Sources */,
				019CA2E92AF4C80B004598D9 /* PhotoPicker.swift in Sources */,
				019CA2FF2AF4EBCB004598D9 /* SearchBar.swift in Sources */,
				018B12CB2AF335B300C38DF2 /* Car.swift in Sources */,
				14162F192ADD1DD0009C5C59 /* QuestionDetailView.swift in Sources */,
				14162F1F2ADD1DFD009C5C59 /* UIDetailView.swift in Sources */,
				019CA2EE2AF4D22A004598D9 /* AlignmentListView.swift in Sources */,
				019CA2EC2AF4D1F1004598D9 /* Alignment.swift in Sources */,
				019CA3012AF4ED9A004598D9 /* SearchView.swift in Sources */,
				018B12D72AF3407000C38DF2 /* CarDetail.swift in Sources */,
				018B12D92AF342D300C38DF2 /* AddNewCar.swift in Sources */,
				14162F172ADD1DBF009C5C59 /* QuestionListView.swift in Sources */,
				14162F112ADD1D73009C5C59 /* FuncCollection.swift in Sources */,
				018B12D32AF33E6B00C38DF2 /* CarStore.swift in Sources */,
				14162F282ADE619B009C5C59 /* test.swift in Sources */,
				019CA2F02AF4D2C5004598D9 /* AlignmentDetailView.swift in Sources */,
			);
			runOnlyForDeploymentPostprocessing = 0;
		};
/* End PBXSourcesBuildPhase section */

/* Begin XCBuildConfiguration section */
		14162F082ADD1CAB009C5C59 /* Debug */ = {
			isa = XCBuildConfiguration;
			buildSettings = {
				ALWAYS_SEARCH_USER_PATHS = NO;
				ASSETCATALOG_COMPILER_GENERATE_SWIFT_ASSET_SYMBOL_EXTENSIONS = YES;
				CLANG_ANALYZER_NONNULL = YES;
				CLANG_ANALYZER_NUMBER_OBJECT_CONVERSION = YES_AGGRESSIVE;
				CLANG_CXX_LANGUAGE_STANDARD = "gnu++20";
				CLANG_ENABLE_MODULES = YES;
				CLANG_ENABLE_OBJC_ARC = YES;
				CLANG_ENABLE_OBJC_WEAK = YES;
				CLANG_WARN_BLOCK_CAPTURE_AUTORELEASING = YES;
				CLANG_WARN_BOOL_CONVERSION = YES;
				CLANG_WARN_COMMA = YES;
				CLANG_WARN_CONSTANT_CONVERSION = YES;
				CLANG_WARN_DEPRECATED_OBJC_IMPLEMENTATIONS = YES;
				CLANG_WARN_DIRECT_OBJC_ISA_USAGE = YES_ERROR;
				CLANG_WARN_DOCUMENTATION_COMMENTS = YES;
				CLANG_WARN_EMPTY_BODY = YES;
				CLANG_WARN_ENUM_CONVERSION = YES;
				CLANG_WARN_INFINITE_RECURSION = YES;
				CLANG_WARN_INT_CONVERSION = YES;
				CLANG_WARN_NON_LITERAL_NULL_CONVERSION = YES;
				CLANG_WARN_OBJC_IMPLICIT_RETAIN_SELF = YES;
				CLANG_WARN_OBJC_LITERAL_CONVERSION = YES;
				CLANG_WARN_OBJC_ROOT_CLASS = YES_ERROR;
				CLANG_WARN_QUOTED_INCLUDE_IN_FRAMEWORK_HEADER = YES;
				CLANG_WARN_RANGE_LOOP_ANALYSIS = YES;
				CLANG_WARN_STRICT_PROTOTYPES = YES;
				CLANG_WARN_SUSPICIOUS_MOVE = YES;
				CLANG_WARN_UNGUARDED_AVAILABILITY = YES_AGGRESSIVE;
				CLANG_WARN_UNREACHABLE_CODE = YES;
				CLANG_WARN__DUPLICATE_METHOD_MATCH = YES;
				COPY_PHASE_STRIP = NO;
				DEBUG_INFORMATION_FORMAT = dwarf;
				ENABLE_STRICT_OBJC_MSGSEND = YES;
				ENABLE_TESTABILITY = YES;
				ENABLE_USER_SCRIPT_SANDBOXING = YES;
				GCC_C_LANGUAGE_STANDARD = gnu17;
				GCC_DYNAMIC_NO_PIC = NO;
				GCC_NO_COMMON_BLOCKS = YES;
				GCC_OPTIMIZATION_LEVEL = 0;
				GCC_PREPROCESSOR_DEFINITIONS = (
					"DEBUG=1",
					"$(inherited)",
				);
				GCC_WARN_64_TO_32_BIT_CONVERSION = YES;
				GCC_WARN_ABOUT_RETURN_TYPE = YES_ERROR;
				GCC_WARN_UNDECLARED_SELECTOR = YES;
				GCC_WARN_UNINITIALIZED_AUTOS = YES_AGGRESSIVE;
				GCC_WARN_UNUSED_FUNCTION = YES;
				GCC_WARN_UNUSED_VARIABLE = YES;
				IPHONEOS_DEPLOYMENT_TARGET = 17.0;
				LOCALIZATION_PREFERS_STRING_CATALOGS = YES;
				MTL_ENABLE_DEBUG_INFO = INCLUDE_SOURCE;
				MTL_FAST_MATH = YES;
				ONLY_ACTIVE_ARCH = YES;
				SDKROOT = iphoneos;
				SWIFT_ACTIVE_COMPILATION_CONDITIONS = "DEBUG $(inherited)";
				SWIFT_OPTIMIZATION_LEVEL = "-Onone";
			};
			name = Debug;
		};
		14162F092ADD1CAB009C5C59 /* Release */ = {
			isa = XCBuildConfiguration;
			buildSettings = {
				ALWAYS_SEARCH_USER_PATHS = NO;
				ASSETCATALOG_COMPILER_GENERATE_SWIFT_ASSET_SYMBOL_EXTENSIONS = YES;
				CLANG_ANALYZER_NONNULL = YES;
				CLANG_ANALYZER_NUMBER_OBJECT_CONVERSION = YES_AGGRESSIVE;
				CLANG_CXX_LANGUAGE_STANDARD = "gnu++20";
				CLANG_ENABLE_MODULES = YES;
				CLANG_ENABLE_OBJC_ARC = YES;
				CLANG_ENABLE_OBJC_WEAK = YES;
				CLANG_WARN_BLOCK_CAPTURE_AUTORELEASING = YES;
				CLANG_WARN_BOOL_CONVERSION = YES;
				CLANG_WARN_COMMA = YES;
				CLANG_WARN_CONSTANT_CONVERSION = YES;
				CLANG_WARN_DEPRECATED_OBJC_IMPLEMENTATIONS = YES;
				CLANG_WARN_DIRECT_OBJC_ISA_USAGE = YES_ERROR;
				CLANG_WARN_DOCUMENTATION_COMMENTS = YES;
				CLANG_WARN_EMPTY_BODY = YES;
				CLANG_WARN_ENUM_CONVERSION = YES;
				CLANG_WARN_INFINITE_RECURSION = YES;
				CLANG_WARN_INT_CONVERSION = YES;
				CLANG_WARN_NON_LITERAL_NULL_CONVERSION = YES;
				CLANG_WARN_OBJC_IMPLICIT_RETAIN_SELF = YES;
				CLANG_WARN_OBJC_LITERAL_CONVERSION = YES;
				CLANG_WARN_OBJC_ROOT_CLASS = YES_ERROR;
				CLANG_WARN_QUOTED_INCLUDE_IN_FRAMEWORK_HEADER = YES;
				CLANG_WARN_RANGE_LOOP_ANALYSIS = YES;
				CLANG_WARN_STRICT_PROTOTYPES = YES;
				CLANG_WARN_SUSPICIOUS_MOVE = YES;
				CLANG_WARN_UNGUARDED_AVAILABILITY = YES_AGGRESSIVE;
				CLANG_WARN_UNREACHABLE_CODE = YES;
				CLANG_WARN__DUPLICATE_METHOD_MATCH = YES;
				COPY_PHASE_STRIP = NO;
				DEBUG_INFORMATION_FORMAT = "dwarf-with-dsym";
				ENABLE_NS_ASSERTIONS = NO;
				ENABLE_STRICT_OBJC_MSGSEND = YES;
				ENABLE_USER_SCRIPT_SANDBOXING = YES;
				GCC_C_LANGUAGE_STANDARD = gnu17;
				GCC_NO_COMMON_BLOCKS = YES;
				GCC_WARN_64_TO_32_BIT_CONVERSION = YES;
				GCC_WARN_ABOUT_RETURN_TYPE = YES_ERROR;
				GCC_WARN_UNDECLARED_SELECTOR = YES;
				GCC_WARN_UNINITIALIZED_AUTOS = YES_AGGRESSIVE;
				GCC_WARN_UNUSED_FUNCTION = YES;
				GCC_WARN_UNUSED_VARIABLE = YES;
				IPHONEOS_DEPLOYMENT_TARGET = 17.0;
				LOCALIZATION_PREFERS_STRING_CATALOGS = YES;
				MTL_ENABLE_DEBUG_INFO = NO;
				MTL_FAST_MATH = YES;
				SDKROOT = iphoneos;
				SWIFT_COMPILATION_MODE = wholemodule;
				VALIDATE_PRODUCT = YES;
			};
			name = Release;
		};
		14162F0B2ADD1CAB009C5C59 /* Debug */ = {
			isa = XCBuildConfiguration;
			buildSettings = {
				ASSETCATALOG_COMPILER_APPICON_NAME = AppIcon;
				ASSETCATALOG_COMPILER_GLOBAL_ACCENT_COLOR_NAME = AccentColor;
				CODE_SIGN_STYLE = Automatic;
				CURRENT_PROJECT_VERSION = 1;
				DEVELOPMENT_ASSET_PATHS = "\"SwiftUIPratice/Preview Content\"";
				DEVELOPMENT_TEAM = C32HZ8W6CA;
				ENABLE_PREVIEWS = YES;
				GENERATE_INFOPLIST_FILE = YES;
				INFOPLIST_KEY_UIApplicationSceneManifest_Generation = YES;
				INFOPLIST_KEY_UIApplicationSupportsIndirectInputEvents = YES;
				INFOPLIST_KEY_UILaunchScreen_Generation = YES;
				INFOPLIST_KEY_UISupportedInterfaceOrientations_iPad = "UIInterfaceOrientationPortrait UIInterfaceOrientationPortraitUpsideDown UIInterfaceOrientationLandscapeLeft UIInterfaceOrientationLandscapeRight";
				INFOPLIST_KEY_UISupportedInterfaceOrientations_iPhone = "UIInterfaceOrientationPortrait UIInterfaceOrientationLandscapeLeft UIInterfaceOrientationLandscapeRight";
				LD_RUNPATH_SEARCH_PATHS = (
					"$(inherited)",
					"@executable_path/Frameworks",
				);
				MARKETING_VERSION = 1.0;
				PRODUCT_BUNDLE_IDENTIFIER = xohxe.SwiftUIPratice;
				PRODUCT_NAME = "$(TARGET_NAME)";
				SWIFT_EMIT_LOC_STRINGS = YES;
				SWIFT_VERSION = 5.0;
				TARGETED_DEVICE_FAMILY = "1,2";
			};
			name = Debug;
		};
		14162F0C2ADD1CAB009C5C59 /* Release */ = {
			isa = XCBuildConfiguration;
			buildSettings = {
				ASSETCATALOG_COMPILER_APPICON_NAME = AppIcon;
				ASSETCATALOG_COMPILER_GLOBAL_ACCENT_COLOR_NAME = AccentColor;
				CODE_SIGN_STYLE = Automatic;
				CURRENT_PROJECT_VERSION = 1;
				DEVELOPMENT_ASSET_PATHS = "\"SwiftUIPratice/Preview Content\"";
				DEVELOPMENT_TEAM = C32HZ8W6CA;
				ENABLE_PREVIEWS = YES;
				GENERATE_INFOPLIST_FILE = YES;
				INFOPLIST_KEY_UIApplicationSceneManifest_Generation = YES;
				INFOPLIST_KEY_UIApplicationSupportsIndirectInputEvents = YES;
				INFOPLIST_KEY_UILaunchScreen_Generation = YES;
				INFOPLIST_KEY_UISupportedInterfaceOrientations_iPad = "UIInterfaceOrientationPortrait UIInterfaceOrientationPortraitUpsideDown UIInterfaceOrientationLandscapeLeft UIInterfaceOrientationLandscapeRight";
				INFOPLIST_KEY_UISupportedInterfaceOrientations_iPhone = "UIInterfaceOrientationPortrait UIInterfaceOrientationLandscapeLeft UIInterfaceOrientationLandscapeRight";
				LD_RUNPATH_SEARCH_PATHS = (
					"$(inherited)",
					"@executable_path/Frameworks",
				);
				MARKETING_VERSION = 1.0;
				PRODUCT_BUNDLE_IDENTIFIER = xohxe.SwiftUIPratice;
				PRODUCT_NAME = "$(TARGET_NAME)";
				SWIFT_EMIT_LOC_STRINGS = YES;
				SWIFT_VERSION = 5.0;
				TARGETED_DEVICE_FAMILY = "1,2";
			};
			name = Release;
		};
/* End XCBuildConfiguration section */

/* Begin XCConfigurationList section */
		14162EF72ADD1CA8009C5C59 /* Build configuration list for PBXProject "SwiftUIPratice" */ = {
			isa = XCConfigurationList;
			buildConfigurations = (
				14162F082ADD1CAB009C5C59 /* Debug */,
				14162F092ADD1CAB009C5C59 /* Release */,
			);
			defaultConfigurationIsVisible = 0;
			defaultConfigurationName = Release;
		};
		14162F0A2ADD1CAB009C5C59 /* Build configuration list for PBXNativeTarget "SwiftUIPratice" */ = {
			isa = XCConfigurationList;
			buildConfigurations = (
				14162F0B2ADD1CAB009C5C59 /* Debug */,
				14162F0C2ADD1CAB009C5C59 /* Release */,
			);
			defaultConfigurationIsVisible = 0;
			defaultConfigurationName = Release;
		};
/* End XCConfigurationList section */
	};
	rootObject = 14162EF42ADD1CA8009C5C59 /* Project object */;
}
